{
  "name": "aurakare-sollutions-site-runtime",
  "lockfileVersion": 3,
  "requires": true,
  "packages": {
    "": {
      "name": "aurakare-sollutions-site-runtime",
      "dependencies": {
        "@fontsource-variable/dm-sans": "5.3.0",
        "@fontsource-variable/manrope": "5.3.0",
        "@fontsource-variable/newsreader": "5.3.0",
        "three": "0.180.0"
      }
    },
    "node_modules/@fontsource-variable/dm-sans": {
      "version": "5.3.0",
      "resolved": "https://registry.npmjs.org/@fontsource-variable/dm-sans/-/dm-sans-5.3.0.tgz",
      "integrity": "sha512-BpUG5bqePiDFMBM4ZtLSlPdAIOM990uB1dlXzIf4aw21yQR7BmykedLXXXMqGWsR18aMLOsbWccwJNh3ztTQaA==",
      "license": "OFL-1.1",
      "funding": {
        "url": "https://github.com/sponsors/ayuhito"
      }
    },
    "node_modules/@fontsource-variable/manrope": {
      "version": "5.3.0",
      "resolved": "https://registry.npmjs.org/@fontsource-variable/manrope/-/manrope-5.3.0.tgz",
      "integrity": "sha512-6D5dgokHsWDDMtmXHznKa0hK229NN+1a4BLPmUCLqcO1Pw5EEhWY5RFt0AcXnVRAljFFPfRtLkJePQj6LSsV6g==",
      "license": "OFL-1.1",
      "funding": {
        "url": "https://github.com/sponsors/ayuhito"
      }
    },
    "node_modules/@fontsource-variable/newsreader": {
      "version": "5.3.0",
      "resolved": "https://registry.npmjs.org/@fontsource-variable/newsreader/-/newsreader-5.3.0.tgz",
      "integrity": "sha512-rrzYi43qMpbzwuFtf9OkWH8sxAPVPcQQQEwXpPtwaKYeJ8yVg5aLs5kawmo1f2Q1t1M38TLmEKCkGVDsYwgdFw==",
      "license": "OFL-1.1",
      "funding": {
        "url": "https://github.com/sponsors/ayuhito"
      }
    },
    "node_modules/three": {
      "version": "0.180.0",
      "resolved": "https://registry.npmjs.org/three/-/three-0.180.0.tgz",
      "integrity": "sha512-o+qycAMZrh+TsE01GqWUxUIKR1AL0S8pq7zDkYOQw8GqfX8b8VoCKYUoHbhiX5j+7hr8XsuHDVU6+gkQJQKg9w==",
      "license": "MIT"
    }
  }
}
